
Microsoft Visual Studio Solution File, Format Version 12.00
# Visual Studio 14
VisualStudioVersion = 14.0.23107.0
MinimumVisualStudioVersion = 10.0.40219.1
Project("{FAE04EC0-301F-11D3-BF4B-00C04F79EFBC}") = "AFPParser", "AFPParser.csproj", "{3DA66ED3-616E-4B1A-AF8C-05E98A74929A}"
EndProject
Project("{FAE04EC0-301F-11D3-BF4B-00C04F79EFBC}") = "AFPParser.Tests", "AfpParser.Tests\AFPParser.Tests.csproj", "{B48081E1-D330-466E-A231-694F49B9AE49}"
EndProject
Global
	GlobalSection(SolutionConfigurationPlatforms) = preSolution
		Debug|Any CPU = Debug|Any CPU
		Release|Any CPU = Release|Any CPU
	EndGlobalSection
	GlobalSection(ProjectConfigurationPlatforms) = postSolution
		{3DA66ED3-616E-4B1A-AF8C-05E98A74929A}.Debug|Any CPU.ActiveCfg = Debug|Any CPU
		{3DA66ED3-616E-4B1A-AF8C-05E98A74929A}.Debug|Any CPU.Build.0 = Debug|Any CPU
		{3DA66ED3-616E-4B1A-AF8C-05E98A74929A}.Release|Any CPU.ActiveCfg = Release|Any CPU
		{3DA66ED3-616E-4B1A-AF8C-05E98A74929A}.Release|Any CPU.Build.0 = Release|Any CPU
		{B48081E1-D330-466E-A231-694F49B9AE49}.Debug|Any CPU.ActiveCfg = Debug|Any CPU
		{B48081E1-D330-466E-A231-694F49B9AE49}.Debug|Any CPU.Build.0 = Debug|Any CPU
		{B48081E1-D330-466E-A231-694F49B9AE49}.Release|Any CPU.ActiveCfg = Release|Any CPU
		{B48081E1-D330-466E-A231-694F49B9AE49}.Release|Any CPU.Build.0 = Release|Any CPU
	EndGlobalSection
	GlobalSection(SolutionProperties) = preSolution
		HideSolutionNode = FALSE
	EndGlobalSection
EndGlobal
